<?xml version="1.0" encoding="utf-8"?>
<Project ToolsVersion="4.0" xmlns="http://schemas.microsoft.com/developer/msbuild/2003">
  <ItemGroup>
    <Filter Include="Source">
      <UniqueIdentifier>{3d548d50-bb97-4361-942c-59b526fbe50a}</UniqueIdentifier>
    </Filter>
  </ItemGroup>
  <ItemGroup>
    <ClCompile Include="Source\Button.cpp">
      <Filter>Source</Filter>
    </ClCompile>
    <ClCompile Include="Source\VJoyWrapper.cpp">
      <Filter>Source</Filter>
    </ClCompile>
    <ClCompile Include="Source\AnalogAxis.cpp">
      <Filter>Source</Filter>
    </ClCompile>
    <ClCompile Include="Source\Main.cpp">
      <Filter>Source</Filter>
    </ClCompile>
    <ClCompile Include="Source\Keyboard.cpp">
      <Filter>Source</Filter>
    </ClCompile>
    <ClCompile Include="Source\KeyboardMeleeController.cpp">
      <Filter>Source</Filter>
    </ClCompile>
  </ItemGroup>
  <ItemGroup>
    <ClInclude Include="Source\Button.h">
      <Filter>Source</Filter>
    </ClInclude>
    <ClInclude Include="Source\VJoyWrapper.h">
      <Filter>Source</Filter>
    </ClInclude>
    <ClInclude Include="Source\AnalogAxis.h">
      <Filter>Source</Filter>
    </ClInclude>
    <ClInclude Include="Source\GameCubeControllerState.h">
      <Filter>Source</Filter>
    </ClInclude>
    <ClInclude Include="Source\Keyboard.h">
      <Filter>Source</Filter>
    </ClInclude>
    <ClInclude Include="Source\KeyboardMeleeController.h">
      <Filter>Source</Filter>
    </ClInclude>
  </ItemGroup>
</Project>